<?xml version="1.0" encoding="utf-8"?>
<Project ToolsVersion="4.0" xmlns="http://schemas.microsoft.com/developer/msbuild/2003">
  <ItemGroup>
    <Filter Include="Исходные файлы">
      <UniqueIdentifier>{4FC737F1-C7A5-4376-A066-2A32D752A2FF}</UniqueIdentifier>
      <Extensions>cpp;c;cc;cxx;c++;cppm;ixx;def;odl;idl;hpj;bat;asm;asmx</Extensions>
    </Filter>
    <Filter Include="Файлы заголовков">
      <UniqueIdentifier>{93995380-89BD-4b04-88EB-625FBE52EBFB}</UniqueIdentifier>
      <Extensions>h;hh;hpp;hxx;h++;hm;inl;inc;ipp;xsd</Extensions>
    </Filter>
    <Filter Include="Файлы ресурсов">
      <UniqueIdentifier>{67DA6AB6-F800-4c08-8B7A-83BB121AAD01}</UniqueIdentifier>
      <Extensions>rc;ico;cur;bmp;dlg;rc2;rct;bin;rgs;gif;jpg;jpeg;jpe;resx;tiff;tif;png;wav;mfcribbon-ms</Extensions>
    </Filter>
    <Filter Include="Binary">
      <UniqueIdentifier>{f0743734-baed-4604-a26f-da5e68edf7b4}</UniqueIdentifier>
    </Filter>
    <Filter Include="Shader">
      <UniqueIdentifier>{1d5f7270-e6a7-46c4-9f82-1321ba81647a}</UniqueIdentifier>
    </Filter>
    <Filter Include="Файлы заголовков\ImGui">
      <UniqueIdentifier>{cf321739-4917-4c7d-8b77-2a2f1e9a35b1}</UniqueIdentifier>
    </Filter>
    <Filter Include="Исходные файлы\glad">
      <UniqueIdentifier>{32171bfa-f4fe-4187-85b1-4afe01f4432d}</UniqueIdentifier>
    </Filter>
  </ItemGroup>
  <ItemGroup>
    <ClCompile Include="Speno.cpp">
      <Filter>Исходные файлы</Filter>
    </ClCompile>
    <ClCompile Include="Include\glad\glad.c">
      <Filter>Исходные файлы\glad</Filter>
    </ClCompile>
    <ClCompile Include="Include\ImGui\imgui.cpp">
      <Filter>Файлы заголовков\ImGui</Filter>
    </ClCompile>
    <ClCompile Include="Include\ImGui\imgui_demo.cpp">
      <Filter>Файлы заголовков\ImGui</Filter>
    </ClCompile>
    <ClCompile Include="Include\ImGui\imgui_draw.cpp">
      <Filter>Файлы заголовков\ImGui</Filter>
    </ClCompile>
    <ClCompile Include="Include\ImGui\imgui_impl_glfw.cpp">
      <Filter>Файлы заголовков\ImGui</Filter>
    </ClCompile>
    <ClCompile Include="Include\ImGui\imgui_impl_opengl3.cpp">
      <Filter>Файлы заголовков\ImGui</Filter>
    </ClCompile>
    <ClCompile Include="Include\ImGui\imgui_tables.cpp">
      <Filter>Файлы заголовков\ImGui</Filter>
    </ClCompile>
    <ClCompile Include="Include\ImGui\imgui_widgets.cpp">
      <Filter>Файлы заголовков\ImGui</Filter>
    </ClCompile>
  </ItemGroup>
  <ItemGroup>
    <ClInclude Include="Shader\denoising_functions.glsl">
      <Filter>Shader</Filter>
    </ClInclude>
    <ClInclude Include="Shader\noise.glsl">
      <Filter>Shader</Filter>
    </ClInclude>
    <ClInclude Include="Shader.h">
      <Filter>Файлы заголовков</Filter>
    </ClInclude>
    <ClInclude Include="Camera.h">
      <Filter>Файлы заголовков</Filter>
    </ClInclude>
    <ClInclude Include="Engine.h">
      <Filter>Файлы заголовков</Filter>
    </ClInclude>
    <ClInclude Include="EngineData.h">
      <Filter>Файлы заголовков</Filter>
    </ClInclude>
    <ClInclude Include="Mesh.h">
      <Filter>Файлы заголовков</Filter>
    </ClInclude>
    <ClInclude Include="PerformanceMonitor.h">
      <Filter>Файлы заголовков</Filter>
    </ClInclude>
    <ClInclude Include="Quad.h">
      <Filter>Файлы заголовков</Filter>
    </ClInclude>
  </ItemGroup>
  <ItemGroup>
    <None Include="..\README.md" />
    <None Include="packages.config" />
    <None Include="Shader\main.glsl">
      <Filter>Shader</Filter>
    </None>
    <None Include="Shader\random.glsl">
      <Filter>Shader</Filter>
    </None>
    <None Include="Shader\vertex.glsl">
      <Filter>Shader</Filter>
    </None>
    <None Include="Shader\postprocess.glsl">
      <Filter>Shader</Filter>
    </None>
    <None Include="Shader\tonemap.glsl">
      <Filter>Shader</Filter>
    </None>
    <None Include="Shader\output.glsl">
      <Filter>Shader</Filter>
    </None>
    <None Include="Shader\intersections.glsl">
      <Filter>Shader</Filter>
    </None>
    <None Include="Shader\structures.glsl">
      <Filter>Shader</Filter>
    </None>
    <None Include="Shader\defines.glsl">
      <Filter>Shader</Filter>
    </None>
    <None Include="Shader\stbn.glsl">
      <Filter>Shader</Filter>
    </None>
    <None Include="Shader\functions.glsl">
      <Filter>Shader</Filter>
    </None>
    <None Include="Shader\pathtracing.glsl">
      <Filter>Shader</Filter>
    </None>
    <None Include="Shader\denoiser.glsl">
      <Filter>Shader</Filter>
    </None>
  </ItemGroup>
  <ItemGroup>
    <CopyFileToFolders Include="Binary\glew32.dll">
      <Filter>Binary</Filter>
    </CopyFileToFolders>
    <CopyFileToFolders Include="Binary\glfw3.dll">
      <Filter>Binary</Filter>
    </CopyFileToFolders>
  </ItemGroup>
</Project>